
Microsoft Visual Studio Solution File, Format Version 12.00
# Visual Studio Version 17
VisualStudioVersion = 17.2.32505.173
MinimumVisualStudioVersion = 10.0.40219.1
Project("{FAE04EC0-301F-11D3-BF4B-00C04F79EFBC}") = "JuneMVC", "JuneMVC\JuneMVC.csproj", "{E33335AD-3EA5-4DB7-9261-3C337475FCCE}"
EndProject
Global
	GlobalSection(SolutionConfigurationPlatforms) = preSolution
		Debug|Any CPU = Debug|Any CPU
		Release|Any CPU = Release|Any CPU
	EndGlobalSection
	GlobalSection(ProjectConfigurationPlatforms) = postSolution
		{E33335AD-3EA5-4DB7-9261-3C337475FCCE}.Debug|Any CPU.ActiveCfg = Debug|Any CPU
		{E33335AD-3EA5-4DB7-9261-3C337475FCCE}.Debug|Any CPU.Build.0 = Debug|Any CPU
		{E33335AD-3EA5-4DB7-9261-3C337475FCCE}.Release|Any CPU.ActiveCfg = Release|Any CPU
		{E33335AD-3EA5-4DB7-9261-3C337475FCCE}.Release|Any CPU.Build.0 = Release|Any CPU
	EndGlobalSection
	GlobalSection(SolutionProperties) = preSolution
		HideSolutionNode = FALSE
	EndGlobalSection
	GlobalSection(ExtensibilityGlobals) = postSolution
		SolutionGuid = {87461B93-6F59-4889-9961-5468E9CCA329}
	EndGlobalSection
EndGlobal
